
Microsoft Visual Studio Solution File, Format Version 12.00
# Visual Studio Version 17
VisualStudioVersion = 17.4.33213.308
MinimumVisualStudioVersion = 10.0.40219.1
Project("{FAE04EC0-301F-11D3-BF4B-00C04F79EFBC}") = "MakoTestLinux2", "MakoTestLinux2\MakoTestLinux2.csproj", "{AD74EB6E-FFE3-4D99-BAA6-99840B549B61}"
EndProject
Global
	GlobalSection(SolutionConfigurationPlatforms) = preSolution
		Debug|Any CPU = Debug|Any CPU
		Release|Any CPU = Release|Any CPU
	EndGlobalSection
	GlobalSection(ProjectConfigurationPlatforms) = postSolution
		{AD74EB6E-FFE3-4D99-BAA6-99840B549B61}.Debug|Any CPU.ActiveCfg = Debug|Any CPU
		{AD74EB6E-FFE3-4D99-BAA6-99840B549B61}.Debug|Any CPU.Build.0 = Debug|Any CPU
		{AD74EB6E-FFE3-4D99-BAA6-99840B549B61}.Release|Any CPU.ActiveCfg = Release|Any CPU
		{AD74EB6E-FFE3-4D99-BAA6-99840B549B61}.Release|Any CPU.Build.0 = Release|Any CPU
	EndGlobalSection
	GlobalSection(SolutionProperties) = preSolution
		HideSolutionNode = FALSE
	EndGlobalSection
	GlobalSection(ExtensibilityGlobals) = postSolution
		SolutionGuid = {1B7F3404-72F5-4F37-8442-A2336104E060}
	EndGlobalSection
EndGlobal
